
Microsoft Visual Studio Solution File, Format Version 12.00
# Visual Studio Version 17
VisualStudioVersion = 17.0.32014.148
MinimumVisualStudioVersion = 10.0.40219.1
Project("{9A19103F-16F7-4668-BE54-9A1E7A4F7556}") = "Presentation_MVC", "Presentation_MVC.csproj", "{DCD78333-A1DE-43EC-801F-D83EBEFADBF7}"
EndProject
Global
	GlobalSection(SolutionConfigurationPlatforms) = preSolution
		Debug|Any CPU = Debug|Any CPU
		Release|Any CPU = Release|Any CPU
	EndGlobalSection
	GlobalSection(ProjectConfigurationPlatforms) = postSolution
		{DCD78333-A1DE-43EC-801F-D83EBEFADBF7}.Debug|Any CPU.ActiveCfg = Debug|Any CPU
		{DCD78333-A1DE-43EC-801F-D83EBEFADBF7}.Debug|Any CPU.Build.0 = Debug|Any CPU
		{DCD78333-A1DE-43EC-801F-D83EBEFADBF7}.Release|Any CPU.ActiveCfg = Release|Any CPU
		{DCD78333-A1DE-43EC-801F-D83EBEFADBF7}.Release|Any CPU.Build.0 = Release|Any CPU
	EndGlobalSection
	GlobalSection(SolutionProperties) = preSolution
		HideSolutionNode = FALSE
	EndGlobalSection
	GlobalSection(ExtensibilityGlobals) = postSolution
		SolutionGuid = {970BAB0D-7655-4321-8C2E-2DDA51496486}
	EndGlobalSection
EndGlobal
