
Microsoft Visual Studio Solution File, Format Version 12.00
# Visual Studio Version 17
VisualStudioVersion = 17.0.31919.166
MinimumVisualStudioVersion = 10.0.40219.1
Project("{FAE04EC0-301F-11D3-BF4B-00C04F79EFBC}") = "CustomerManagement", "CustomerManagement\CustomerManagement.csproj", "{8658C773-0014-45E1-BCEC-110C681D7625}"
EndProject
Project("{FAE04EC0-301F-11D3-BF4B-00C04F79EFBC}") = "CustomerManagementBlazor", "CustomerManagementBlazor\CustomerManagementBlazor.csproj", "{77991414-DE4B-4565-B457-4225E6E425DE}"
EndProject
Project("{FAE04EC0-301F-11D3-BF4B-00C04F79EFBC}") = "CustomerManagementModel", "CustomerManagementModel\CustomerManagementModel.csproj", "{579EB5A6-1B1A-4BDB-93CD-8F29A3327D79}"
EndProject
Global
	GlobalSection(SolutionConfigurationPlatforms) = preSolution
		Debug|Any CPU = Debug|Any CPU
		Release|Any CPU = Release|Any CPU
	EndGlobalSection
	GlobalSection(ProjectConfigurationPlatforms) = postSolution
		{8658C773-0014-45E1-BCEC-110C681D7625}.Debug|Any CPU.ActiveCfg = Debug|Any CPU
		{8658C773-0014-45E1-BCEC-110C681D7625}.Debug|Any CPU.Build.0 = Debug|Any CPU
		{8658C773-0014-45E1-BCEC-110C681D7625}.Release|Any CPU.ActiveCfg = Release|Any CPU
		{8658C773-0014-45E1-BCEC-110C681D7625}.Release|Any CPU.Build.0 = Release|Any CPU
		{77991414-DE4B-4565-B457-4225E6E425DE}.Debug|Any CPU.ActiveCfg = Debug|Any CPU
		{77991414-DE4B-4565-B457-4225E6E425DE}.Debug|Any CPU.Build.0 = Debug|Any CPU
		{77991414-DE4B-4565-B457-4225E6E425DE}.Release|Any CPU.ActiveCfg = Release|Any CPU
		{77991414-DE4B-4565-B457-4225E6E425DE}.Release|Any CPU.Build.0 = Release|Any CPU
		{579EB5A6-1B1A-4BDB-93CD-8F29A3327D79}.Debug|Any CPU.ActiveCfg = Debug|Any CPU
		{579EB5A6-1B1A-4BDB-93CD-8F29A3327D79}.Debug|Any CPU.Build.0 = Debug|Any CPU
		{579EB5A6-1B1A-4BDB-93CD-8F29A3327D79}.Release|Any CPU.ActiveCfg = Release|Any CPU
		{579EB5A6-1B1A-4BDB-93CD-8F29A3327D79}.Release|Any CPU.Build.0 = Release|Any CPU
	EndGlobalSection
	GlobalSection(SolutionProperties) = preSolution
		HideSolutionNode = FALSE
	EndGlobalSection
	GlobalSection(ExtensibilityGlobals) = postSolution
		SolutionGuid = {6CDA7608-4FC4-4328-9C90-D48D1C0BA275}
	EndGlobalSection
EndGlobal
